
Microsoft Visual Studio Solution File, Format Version 12.00
Project("{FAE04EC0-301F-11D3-BF4B-00C04F79EFBC}") = "WebServer2.2", "WebServer2.2\WebServer2.2.csproj", "{319EC894-3BCC-4E31-9E92-5D7DAC335C96}"
EndProject
Global
	GlobalSection(SolutionConfigurationPlatforms) = preSolution
		Debug|Any CPU = Debug|Any CPU
		Release|Any CPU = Release|Any CPU
	EndGlobalSection
	GlobalSection(ProjectConfigurationPlatforms) = postSolution
		{319EC894-3BCC-4E31-9E92-5D7DAC335C96}.Debug|Any CPU.ActiveCfg = Debug|Any CPU
		{319EC894-3BCC-4E31-9E92-5D7DAC335C96}.Debug|Any CPU.Build.0 = Debug|Any CPU
		{319EC894-3BCC-4E31-9E92-5D7DAC335C96}.Release|Any CPU.ActiveCfg = Release|Any CPU
		{319EC894-3BCC-4E31-9E92-5D7DAC335C96}.Release|Any CPU.Build.0 = Release|Any CPU
	EndGlobalSection
EndGlobal
